
Microsoft Visual Studio Solution File, Format Version 12.00
# Visual Studio 2012
Project("{FAE04EC0-301F-11D3-BF4B-00C04F79EFBC}") = "Way2Software2bak", "Way2Software2\Way2Software2bak.csproj", "{CE68139F-FF5D-4D6F-8D44-485D87604031}"
EndProject
Project("{FAE04EC0-301F-11D3-BF4B-00C04F79EFBC}") = "Way2Software2bak.Tests", "Way2Software2.Tests\Way2Software2bak.Tests.csproj", "{C882193D-1618-4F96-8E85-36CECFEC1EC9}"
EndProject
Global
	GlobalSection(SolutionConfigurationPlatforms) = preSolution
		Debug|Any CPU = Debug|Any CPU
		Release|Any CPU = Release|Any CPU
	EndGlobalSection
	GlobalSection(ProjectConfigurationPlatforms) = postSolution
		{CE68139F-FF5D-4D6F-8D44-485D87604031}.Debug|Any CPU.ActiveCfg = Debug|Any CPU
		{CE68139F-FF5D-4D6F-8D44-485D87604031}.Debug|Any CPU.Build.0 = Debug|Any CPU
		{CE68139F-FF5D-4D6F-8D44-485D87604031}.Release|Any CPU.ActiveCfg = Release|Any CPU
		{CE68139F-FF5D-4D6F-8D44-485D87604031}.Release|Any CPU.Build.0 = Release|Any CPU
		{C882193D-1618-4F96-8E85-36CECFEC1EC9}.Debug|Any CPU.ActiveCfg = Debug|Any CPU
		{C882193D-1618-4F96-8E85-36CECFEC1EC9}.Debug|Any CPU.Build.0 = Debug|Any CPU
		{C882193D-1618-4F96-8E85-36CECFEC1EC9}.Release|Any CPU.ActiveCfg = Release|Any CPU
		{C882193D-1618-4F96-8E85-36CECFEC1EC9}.Release|Any CPU.Build.0 = Release|Any CPU
	EndGlobalSection
	GlobalSection(SolutionProperties) = preSolution
		HideSolutionNode = FALSE
	EndGlobalSection
EndGlobal
